// !$*UTF8*$!
{
	archiveVersion = 1;
	classes = {
	};
	objectVersion = 56;
	objects = {

/* Begin PBXBuildFile section */
		321C678E2C8F5A6400F30933 /* CardDetailView.swift in Sources */ = {isa = PBXBuildFile; fileRef = 321C678D2C8F5A6400F30933 /* CardDetailView.swift */; };
		321C67902C8F65E900F30933 /* CardElementView.swift in Sources */ = {isa = PBXBuildFile; fileRef = 321C678F2C8F65E900F30933 /* CardElementView.swift */; };
		325966112C8C4BCF0031CA69 /* CardElement.swift in Sources */ = {isa = PBXBuildFile; fileRef = 325966102C8C4BCF0031CA69 /* CardElement.swift */; };
		325966132C8C4C9E0031CA69 /* Card.swift in Sources */ = {isa = PBXBuildFile; fileRef = 325966122C8C4C9E0031CA69 /* Card.swift */; };
		325966152C8C4CF50031CA69 /* CardStore.swift in Sources */ = {isa = PBXBuildFile; fileRef = 325966142C8C4CF50031CA69 /* CardStore.swift */; };
		32CED3162C8C1DA900D74F92 /* ColorExtensions.swift in Sources */ = {isa = PBXBuildFile; fileRef = 32CED3152C8C1DA900D74F92 /* ColorExtensions.swift */; };
		32CED3182C8C208500D74F92 /* CardToolbar.swift in Sources */ = {isa = PBXBuildFile; fileRef = 32CED3172C8C208500D74F92 /* CardToolbar.swift */; };
		32CED31C2C8C3ECA00D74F92 /* PreviewData.swift in Sources */ = {isa = PBXBuildFile; fileRef = 32CED31B2C8C3ECA00D74F92 /* PreviewData.swift */; };
		32CED31E2C8C3EFA00D74F92 /* TextExtensions.swift in Sources */ = {isa = PBXBuildFile; fileRef = 32CED31D2C8C3EFA00D74F92 /* TextExtensions.swift */; };
		32D488822C8AA5CF00546138 /* CardsApp.swift in Sources */ = {isa = PBXBuildFile; fileRef = 32D488812C8AA5CF00546138 /* CardsApp.swift */; };
		32D488842C8AA5CF00546138 /* ContentView.swift in Sources */ = {isa = PBXBuildFile; fileRef = 32D488832C8AA5CF00546138 /* ContentView.swift */; };
		32D488862C8AA5D100546138 /* Assets.xcassets in Resources */ = {isa = PBXBuildFile; fileRef = 32D488852C8AA5D100546138 /* Assets.xcassets */; };
		32D488892C8AA5D100546138 /* Preview Assets.xcassets in Resources */ = {isa = PBXBuildFile; fileRef = 32D488882C8AA5D100546138 /* Preview Assets.xcassets */; };
		32D488902C8AA64C00546138 /* CardsListView.swift in Sources */ = {isa = PBXBuildFile; fileRef = 32D4888F2C8AA64C00546138 /* CardsListView.swift */; };
		32D488922C8AA82F00546138 /* CardThumbnail.swift in Sources */ = {isa = PBXBuildFile; fileRef = 32D488912C8AA82F00546138 /* CardThumbnail.swift */; };
		32D488942C8AA8C100546138 /* SingleCardView.swift in Sources */ = {isa = PBXBuildFile; fileRef = 32D488932C8AA8C100546138 /* SingleCardView.swift */; };
		32D488962C8AAE2A00546138 /* ToolbarSelection.swift in Sources */ = {isa = PBXBuildFile; fileRef = 32D488952C8AAE2A00546138 /* ToolbarSelection.swift */; };
		32D488982C8AAE7200546138 /* BottomToolbar.swift in Sources */ = {isa = PBXBuildFile; fileRef = 32D488972C8AAE7200546138 /* BottomToolbar.swift */; };
		32D4889C2C8B008F00546138 /* ResizableView.swift in Sources */ = {isa = PBXBuildFile; fileRef = 32D4889B2C8B008F00546138 /* ResizableView.swift */; };
		32D4889E2C8B013300546138 /* Transform.swift in Sources */ = {isa = PBXBuildFile; fileRef = 32D4889D2C8B013300546138 /* Transform.swift */; };
		32D488A12C8B065500546138 /* Operators.swift in Sources */ = {isa = PBXBuildFile; fileRef = 32D488A02C8B065500546138 /* Operators.swift */; };
		32D488A42C8B709E00546138 /* Setting.swift in Sources */ = {isa = PBXBuildFile; fileRef = 32D488A32C8B709E00546138 /* Setting.swift */; };
		DA3C588E2C9F04C200ABF38B /* AppFonts.swift in Sources */ = {isa = PBXBuildFile; fileRef = DA3C58892C9F04C200ABF38B /* AppFonts.swift */; };
		DA3C588F2C9F04C200ABF38B /* Carousel.swift in Sources */ = {isa = PBXBuildFile; fileRef = DA3C588A2C9F04C200ABF38B /* Carousel.swift */; };
		DA3C58902C9F04C200ABF38B /* ShareCardView.swift in Sources */ = {isa = PBXBuildFile; fileRef = DA3C588B2C9F04C200ABF38B /* ShareCardView.swift */; };
		DA3C58912C9F04C200ABF38B /* TextView.swift in Sources */ = {isa = PBXBuildFile; fileRef = DA3C588C2C9F04C200ABF38B /* TextView.swift */; };
		DA3C58932C9F055700ABF38B /* AppLoadingView.swift in Sources */ = {isa = PBXBuildFile; fileRef = DA3C58922C9F055700ABF38B /* AppLoadingView.swift */; };
		DA3C58952C9F06CA00ABF38B /* SplashScreen.swift in Sources */ = {isa = PBXBuildFile; fileRef = DA3C58942C9F06CA00ABF38B /* SplashScreen.swift */; };
		DA7827112C9C1E69004BCB66 /* LayoutView.swift in Sources */ = {isa = PBXBuildFile; fileRef = DA7827102C9C1E69004BCB66 /* LayoutView.swift */; };
		DAC6AD542CA118C40022BCAD /* ListSelection.swift in Sources */ = {isa = PBXBuildFile; fileRef = DAC6AD532CA118C40022BCAD /* ListSelection.swift */; };
		DAD11D502C92E13400D33B51 /* Stickers in Resources */ = {isa = PBXBuildFile; fileRef = DAD11D4F2C92E13400D33B51 /* Stickers */; };
		DAD11D532C92E1D300D33B51 /* StickerModal.swift in Sources */ = {isa = PBXBuildFile; fileRef = DAD11D522C92E1D300D33B51 /* StickerModal.swift */; };
		DAD11D562C9349EB00D33B51 /* PhotoModal.swift in Sources */ = {isa = PBXBuildFile; fileRef = DAD11D552C9349EB00D33B51 /* PhotoModal.swift */; };
		DAD11D582C93678700D33B51 /* UIImageExtensions.swift in Sources */ = {isa = PBXBuildFile; fileRef = DAD11D572C93678700D33B51 /* UIImageExtensions.swift */; };
		DAD11D5A2C936B0F00D33B51 /* CustomTransfer.swift in Sources */ = {isa = PBXBuildFile; fileRef = DAD11D592C936B0F00D33B51 /* CustomTransfer.swift */; };
		DAD11D5C2C937C1900D33B51 /* ElementContextMenu.swift in Sources */ = {isa = PBXBuildFile; fileRef = DAD11D5B2C937C1900D33B51 /* ElementContextMenu.swift */; };
		DAD11D5E2C93825700D33B51 /* CardContextMenu.swift in Sources */ = {isa = PBXBuildFile; fileRef = DAD11D5D2C93825700D33B51 /* CardContextMenu.swift */; };
		DAD11D822C9419A000D33B51 /* Shapes.swift in Sources */ = {isa = PBXBuildFile; fileRef = DAD11D812C9419A000D33B51 /* Shapes.swift */; };
		DAD11D842C94547400D33B51 /* FrameModal.swift in Sources */ = {isa = PBXBuildFile; fileRef = DAD11D832C94547400D33B51 /* FrameModal.swift */; };
		DAD11D862C957B9800D33B51 /* AngleExtensions.swift in Sources */ = {isa = PBXBuildFile; fileRef = DAD11D852C957B9800D33B51 /* AngleExtensions.swift */; };
		DAD11D882C96FF5500D33B51 /* TextModal.swift in Sources */ = {isa = PBXBuildFile; fileRef = DAD11D872C96FF5500D33B51 /* TextModal.swift */; };
/* End PBXBuildFile section */

/* Begin PBXFileReference section */
		321C678D2C8F5A6400F30933 /* CardDetailView.swift */ = {isa = PBXFileReference; lastKnownFileType = sourcecode.swift; path = CardDetailView.swift; sourceTree = "<group>"; };
		321C678F2C8F65E900F30933 /* CardElementView.swift */ = {isa = PBXFileReference; lastKnownFileType = sourcecode.swift; path = CardElementView.swift; sourceTree = "<group>"; };
		325966102C8C4BCF0031CA69 /* CardElement.swift */ = {isa = PBXFileReference; lastKnownFileType = sourcecode.swift; path = CardElement.swift; sourceTree = "<group>"; };
		325966122C8C4C9E0031CA69 /* Card.swift */ = {isa = PBXFileReference; lastKnownFileType = sourcecode.swift; path = Card.swift; sourceTree = "<group>"; };
		325966142C8C4CF50031CA69 /* CardStore.swift */ = {isa = PBXFileReference; lastKnownFileType = sourcecode.swift; path = CardStore.swift; sourceTree = "<group>"; };
		32CED3152C8C1DA900D74F92 /* ColorExtensions.swift */ = {isa = PBXFileReference; lastKnownFileType = sourcecode.swift; path = ColorExtensions.swift; sourceTree = "<group>"; };
		32CED3172C8C208500D74F92 /* CardToolbar.swift */ = {isa = PBXFileReference; lastKnownFileType = sourcecode.swift; path = CardToolbar.swift; sourceTree = "<group>"; };
		32CED31B2C8C3ECA00D74F92 /* PreviewData.swift */ = {isa = PBXFileReference; fileEncoding = 4; lastKnownFileType = sourcecode.swift; path = PreviewData.swift; sourceTree = "<group>"; };
		32CED31D2C8C3EFA00D74F92 /* TextExtensions.swift */ = {isa = PBXFileReference; fileEncoding = 4; lastKnownFileType = sourcecode.swift; path = TextExtensions.swift; sourceTree = "<group>"; };
		32D4887E2C8AA5CF00546138 /* Cards.app */ = {isa = PBXFileReference; explicitFileType = wrapper.application; includeInIndex = 0; path = Cards.app; sourceTree = BUILT_PRODUCTS_DIR; };
		32D488812C8AA5CF00546138 /* CardsApp.swift */ = {isa = PBXFileReference; lastKnownFileType = sourcecode.swift; path = CardsApp.swift; sourceTree = "<group>"; };
		32D488832C8AA5CF00546138 /* ContentView.swift */ = {isa = PBXFileReference; lastKnownFileType = sourcecode.swift; path = ContentView.swift; sourceTree = "<group>"; };
		32D488852C8AA5D100546138 /* Assets.xcassets */ = {isa = PBXFileReference; lastKnownFileType = folder.assetcatalog; path = Assets.xcassets; sourceTree = "<group>"; };
		32D488882C8AA5D100546138 /* Preview Assets.xcassets */ = {isa = PBXFileReference; lastKnownFileType = folder.assetcatalog; path = "Preview Assets.xcassets"; sourceTree = "<group>"; };
		32D4888F2C8AA64C00546138 /* CardsListView.swift */ = {isa = PBXFileReference; lastKnownFileType = sourcecode.swift; path = CardsListView.swift; sourceTree = "<group>"; };
		32D488912C8AA82F00546138 /* CardThumbnail.swift */ = {isa = PBXFileReference; lastKnownFileType = sourcecode.swift; path = CardThumbnail.swift; sourceTree = "<group>"; };
		32D488932C8AA8C100546138 /* SingleCardView.swift */ = {isa = PBXFileReference; lastKnownFileType = sourcecode.swift; path = SingleCardView.swift; sourceTree = "<group>"; };
		32D488952C8AAE2A00546138 /* ToolbarSelection.swift */ = {isa = PBXFileReference; lastKnownFileType = sourcecode.swift; path = ToolbarSelection.swift; sourceTree = "<group>"; };
		32D488972C8AAE7200546138 /* BottomToolbar.swift */ = {isa = PBXFileReference; lastKnownFileType = sourcecode.swift; path = BottomToolbar.swift; sourceTree = "<group>"; };
		32D4889B2C8B008F00546138 /* ResizableView.swift */ = {isa = PBXFileReference; lastKnownFileType = sourcecode.swift; path = ResizableView.swift; sourceTree = "<group>"; };
		32D4889D2C8B013300546138 /* Transform.swift */ = {isa = PBXFileReference; lastKnownFileType = sourcecode.swift; path = Transform.swift; sourceTree = "<group>"; };
		32D488A02C8B065500546138 /* Operators.swift */ = {isa = PBXFileReference; lastKnownFileType = sourcecode.swift; path = Operators.swift; sourceTree = "<group>"; };
		32D488A32C8B709E00546138 /* Setting.swift */ = {isa = PBXFileReference; lastKnownFileType = sourcecode.swift; path = Setting.swift; sourceTree = "<group>"; };
		DA3C58892C9F04C200ABF38B /* AppFonts.swift */ = {isa = PBXFileReference; fileEncoding = 4; lastKnownFileType = sourcecode.swift; path = AppFonts.swift; sourceTree = "<group>"; };
		DA3C588A2C9F04C200ABF38B /* Carousel.swift */ = {isa = PBXFileReference; fileEncoding = 4; lastKnownFileType = sourcecode.swift; path = Carousel.swift; sourceTree = "<group>"; };
		DA3C588B2C9F04C200ABF38B /* ShareCardView.swift */ = {isa = PBXFileReference; fileEncoding = 4; lastKnownFileType = sourcecode.swift; path = ShareCardView.swift; sourceTree = "<group>"; };
		DA3C588C2C9F04C200ABF38B /* TextView.swift */ = {isa = PBXFileReference; fileEncoding = 4; lastKnownFileType = sourcecode.swift; path = TextView.swift; sourceTree = "<group>"; };
		DA3C58922C9F055700ABF38B /* AppLoadingView.swift */ = {isa = PBXFileReference; lastKnownFileType = sourcecode.swift; path = AppLoadingView.swift; sourceTree = "<group>"; };
		DA3C58942C9F06CA00ABF38B /* SplashScreen.swift */ = {isa = PBXFileReference; lastKnownFileType = sourcecode.swift; path = SplashScreen.swift; sourceTree = "<group>"; };
		DA7827102C9C1E69004BCB66 /* LayoutView.swift */ = {isa = PBXFileReference; lastKnownFileType = sourcecode.swift; path = LayoutView.swift; sourceTree = "<group>"; };
		DAC6AD532CA118C40022BCAD /* ListSelection.swift */ = {isa = PBXFileReference; lastKnownFileType = sourcecode.swift; path = ListSelection.swift; sourceTree = "<group>"; };
		DAD11D442C92DBED00D33B51 /* Info.plist */ = {isa = PBXFileReference; lastKnownFileType = text.plist; path = Info.plist; sourceTree = "<group>"; };
		DAD11D4F2C92E13400D33B51 /* Stickers */ = {isa = PBXFileReference; lastKnownFileType = folder; name = Stickers; path = ../Stickers; sourceTree = "<group>"; };
		DAD11D522C92E1D300D33B51 /* StickerModal.swift */ = {isa = PBXFileReference; lastKnownFileType = sourcecode.swift; path = StickerModal.swift; sourceTree = "<group>"; };
		DAD11D552C9349EB00D33B51 /* PhotoModal.swift */ = {isa = PBXFileReference; lastKnownFileType = sourcecode.swift; path = PhotoModal.swift; sourceTree = "<group>"; };
		DAD11D572C93678700D33B51 /* UIImageExtensions.swift */ = {isa = PBXFileReference; lastKnownFileType = sourcecode.swift; path = UIImageExtensions.swift; sourceTree = "<group>"; };
		DAD11D592C936B0F00D33B51 /* CustomTransfer.swift */ = {isa = PBXFileReference; lastKnownFileType = sourcecode.swift; path = CustomTransfer.swift; sourceTree = "<group>"; };
		DAD11D5B2C937C1900D33B51 /* ElementContextMenu.swift */ = {isa = PBXFileReference; lastKnownFileType = sourcecode.swift; path = ElementContextMenu.swift; sourceTree = "<group>"; };
		DAD11D5D2C93825700D33B51 /* CardContextMenu.swift */ = {isa = PBXFileReference; lastKnownFileType = sourcecode.swift; path = CardContextMenu.swift; sourceTree = "<group>"; };
		DAD11D812C9419A000D33B51 /* Shapes.swift */ = {isa = PBXFileReference; lastKnownFileType = sourcecode.swift; path = Shapes.swift; sourceTree = "<group>"; };
		DAD11D832C94547400D33B51 /* FrameModal.swift */ = {isa = PBXFileReference; lastKnownFileType = sourcecode.swift; path = FrameModal.swift; sourceTree = "<group>"; };
		DAD11D852C957B9800D33B51 /* AngleExtensions.swift */ = {isa = PBXFileReference; lastKnownFileType = sourcecode.swift; path = AngleExtensions.swift; sourceTree = "<group>"; };
		DAD11D872C96FF5500D33B51 /* TextModal.swift */ = {isa = PBXFileReference; lastKnownFileType = sourcecode.swift; path = TextModal.swift; sourceTree = "<group>"; };
/* End PBXFileReference section */

/* Begin PBXFrameworksBuildPhase section */
		32D4887B2C8AA5CF00546138 /* Frameworks */ = {
			isa = PBXFrameworksBuildPhase;
			buildActionMask = 2147483647;
			files = (
			);
			runOnlyForDeploymentPostprocessing = 0;
		};
/* End PBXFrameworksBuildPhase section */

/* Begin PBXGroup section */
		32CED3142C8C1D9400D74F92 /* Extensions */ = {
			isa = PBXGroup;
			children = (
				32CED3152C8C1DA900D74F92 /* ColorExtensions.swift */,
				32CED31D2C8C3EFA00D74F92 /* TextExtensions.swift */,
				DAD11D572C93678700D33B51 /* UIImageExtensions.swift */,
				DAD11D852C957B9800D33B51 /* AngleExtensions.swift */,
			);
			path = Extensions;
			sourceTree = "<group>";
		};
		32D488752C8AA5CF00546138 = {
			isa = PBXGroup;
			children = (
				32D488802C8AA5CF00546138 /* Cards */,
				32D4887F2C8AA5CF00546138 /* Products */,
			);
			sourceTree = "<group>";
		};
		32D4887F2C8AA5CF00546138 /* Products */ = {
			isa = PBXGroup;
			children = (
				32D4887E2C8AA5CF00546138 /* Cards.app */,
			);
			name = Products;
			sourceTree = "<group>";
		};
		32D488802C8AA5CF00546138 /* Cards */ = {
			isa = PBXGroup;
			children = (
				DAD11D442C92DBED00D33B51 /* Info.plist */,
				32CED3142C8C1D9400D74F92 /* Extensions */,
				32D488A22C8B708F00546138 /* Config */,
				32D488812C8AA5CF00546138 /* CardsApp.swift */,
				DA3C58922C9F055700ABF38B /* AppLoadingView.swift */,
				DA3C58942C9F06CA00ABF38B /* SplashScreen.swift */,
				DAD11D4F2C92E13400D33B51 /* Stickers */,
				32D488992C8AF26B00546138 /* Views */,
				DA3C588D2C9F04C200ABF38B /* Supporting Code */,
				32D488852C8AA5D100546138 /* Assets.xcassets */,
				32D488872C8AA5D100546138 /* Preview Content */,
			);
			path = Cards;
			sourceTree = "<group>";
		};
		32D488872C8AA5D100546138 /* Preview Content */ = {
			isa = PBXGroup;
			children = (
				32CED31B2C8C3ECA00D74F92 /* PreviewData.swift */,
				32D488882C8AA5D100546138 /* Preview Assets.xcassets */,
			);
			path = "Preview Content";
			sourceTree = "<group>";
		};
		32D488992C8AF26B00546138 /* Views */ = {
			isa = PBXGroup;
			children = (
				32D488832C8AA5CF00546138 /* ContentView.swift */,
				DA7827102C9C1E69004BCB66 /* LayoutView.swift */,
				32D4889F2C8B013900546138 /* Model */,
				32D4889B2C8B008F00546138 /* ResizableView.swift */,
				32D488A02C8B065500546138 /* Operators.swift */,
				32D4888F2C8AA64C00546138 /* CardsListView.swift */,
				DAC6AD532CA118C40022BCAD /* ListSelection.swift */,
				DAD11D5D2C93825700D33B51 /* CardContextMenu.swift */,
				32D488912C8AA82F00546138 /* CardThumbnail.swift */,
				32D4889A2C8AF29A00546138 /* SingleCardViews */,
			);
			path = Views;
			sourceTree = "<group>";
		};
		32D4889A2C8AF29A00546138 /* SingleCardViews */ = {
			isa = PBXGroup;
			children = (
				32D488932C8AA8C100546138 /* SingleCardView.swift */,
				DAD11D5B2C937C1900D33B51 /* ElementContextMenu.swift */,
				DAD11D512C92E1B400D33B51 /* Card Modal Views */,
				32D488972C8AAE7200546138 /* BottomToolbar.swift */,
				32D488952C8AAE2A00546138 /* ToolbarSelection.swift */,
				32CED3172C8C208500D74F92 /* CardToolbar.swift */,
				321C678D2C8F5A6400F30933 /* CardDetailView.swift */,
				321C678F2C8F65E900F30933 /* CardElementView.swift */,
			);
			path = SingleCardViews;
			sourceTree = "<group>";
		};
		32D4889F2C8B013900546138 /* Model */ = {
			isa = PBXGroup;
			children = (
				DAD11D812C9419A000D33B51 /* Shapes.swift */,
				32D4889D2C8B013300546138 /* Transform.swift */,
				325966142C8C4CF50031CA69 /* CardStore.swift */,
				325966102C8C4BCF0031CA69 /* CardElement.swift */,
				325966122C8C4C9E0031CA69 /* Card.swift */,
				DAD11D592C936B0F00D33B51 /* CustomTransfer.swift */,
			);
			path = Model;
			sourceTree = "<group>";
		};
		32D488A22C8B708F00546138 /* Config */ = {
			isa = PBXGroup;
			children = (
				32D488A32C8B709E00546138 /* Setting.swift */,
			);
			path = Config;
			sourceTree = "<group>";
		};
		DA3C588D2C9F04C200ABF38B /* Supporting Code */ = {
			isa = PBXGroup;
			children = (
				DA3C58892C9F04C200ABF38B /* AppFonts.swift */,
				DA3C588A2C9F04C200ABF38B /* Carousel.swift */,
				DA3C588B2C9F04C200ABF38B /* ShareCardView.swift */,
				DA3C588C2C9F04C200ABF38B /* TextView.swift */,
			);
			path = "Supporting Code";
			sourceTree = "<group>";
		};
		DAD11D512C92E1B400D33B51 /* Card Modal Views */ = {
			isa = PBXGroup;
			children = (
				DAD11D522C92E1D300D33B51 /* StickerModal.swift */,
				DAD11D552C9349EB00D33B51 /* PhotoModal.swift */,
				DAD11D872C96FF5500D33B51 /* TextModal.swift */,
				DAD11D832C94547400D33B51 /* FrameModal.swift */,
			);
			path = "Card Modal Views";
			sourceTree = "<group>";
		};
/* End PBXGroup section */

/* Begin PBXNativeTarget section */
		32D4887D2C8AA5CF00546138 /* Cards */ = {
			isa = PBXNativeTarget;
			buildConfigurationList = 32D4888C2C8AA5D100546138 /* Build configuration list for PBXNativeTarget "Cards" */;
			buildPhases = (
				32D4887A2C8AA5CF00546138 /* Sources */,
				32D4887B2C8AA5CF00546138 /* Frameworks */,
				32D4887C2C8AA5CF00546138 /* Resources */,
			);
			buildRules = (
			);
			dependencies = (
			);
			name = Cards;
			productName = Cards;
			productReference = 32D4887E2C8AA5CF00546138 /* Cards.app */;
			productType = "com.apple.product-type.application";
		};
/* End PBXNativeTarget section */

/* Begin PBXProject section */
		32D488762C8AA5CF00546138 /* Project object */ = {
			isa = PBXProject;
			attributes = {
				BuildIndependentTargetsInParallel = 1;
				LastSwiftUpdateCheck = 1540;
				LastUpgradeCheck = 1540;
				TargetAttributes = {
					32D4887D2C8AA5CF00546138 = {
						CreatedOnToolsVersion = 15.4;
					};
				};
			};
			buildConfigurationList = 32D488792C8AA5CF00546138 /* Build configuration list for PBXProject "Cards" */;
			compatibilityVersion = "Xcode 14.0";
			developmentRegion = en;
			hasScannedForEncodings = 0;
			knownRegions = (
				en,
				Base,
			);
			mainGroup = 32D488752C8AA5CF00546138;
			productRefGroup = 32D4887F2C8AA5CF00546138 /* Products */;
			projectDirPath = "";
			projectRoot = "";
			targets = (
				32D4887D2C8AA5CF00546138 /* Cards */,
			);
		};
/* End PBXProject section */

/* Begin PBXResourcesBuildPhase section */
		32D4887C2C8AA5CF00546138 /* Resources */ = {
			isa = PBXResourcesBuildPhase;
			buildActionMask = 2147483647;
			files = (
				32D488892C8AA5D100546138 /* Preview Assets.xcassets in Resources */,
				DAD11D502C92E13400D33B51 /* Stickers in Resources */,
				32D488862C8AA5D100546138 /* Assets.xcassets in Resources */,
			);
			runOnlyForDeploymentPostprocessing = 0;
		};
/* End PBXResourcesBuildPhase section */

/* Begin PBXSourcesBuildPhase section */
		32D4887A2C8AA5CF00546138 /* Sources */ = {
			isa = PBXSourcesBuildPhase;
			buildActionMask = 2147483647;
			files = (
				321C678E2C8F5A6400F30933 /* CardDetailView.swift in Sources */,
				DA3C58932C9F055700ABF38B /* AppLoadingView.swift in Sources */,
				325966112C8C4BCF0031CA69 /* CardElement.swift in Sources */,
				DAD11D562C9349EB00D33B51 /* PhotoModal.swift in Sources */,
				DAD11D532C92E1D300D33B51 /* StickerModal.swift in Sources */,
				32D488922C8AA82F00546138 /* CardThumbnail.swift in Sources */,
				32D488A12C8B065500546138 /* Operators.swift in Sources */,
				32CED3182C8C208500D74F92 /* CardToolbar.swift in Sources */,
				DAD11D582C93678700D33B51 /* UIImageExtensions.swift in Sources */,
				32D488842C8AA5CF00546138 /* ContentView.swift in Sources */,
				32CED31E2C8C3EFA00D74F92 /* TextExtensions.swift in Sources */,
				DA7827112C9C1E69004BCB66 /* LayoutView.swift in Sources */,
				DAD11D5C2C937C1900D33B51 /* ElementContextMenu.swift in Sources */,
				DAD11D822C9419A000D33B51 /* Shapes.swift in Sources */,
				325966132C8C4C9E0031CA69 /* Card.swift in Sources */,
				DAD11D862C957B9800D33B51 /* AngleExtensions.swift in Sources */,
				DAD11D882C96FF5500D33B51 /* TextModal.swift in Sources */,
				32CED31C2C8C3ECA00D74F92 /* PreviewData.swift in Sources */,
				32D4889C2C8B008F00546138 /* ResizableView.swift in Sources */,
				DA3C58902C9F04C200ABF38B /* ShareCardView.swift in Sources */,
				DA3C588F2C9F04C200ABF38B /* Carousel.swift in Sources */,
				32D488902C8AA64C00546138 /* CardsListView.swift in Sources */,
				32D488942C8AA8C100546138 /* SingleCardView.swift in Sources */,
				DA3C588E2C9F04C200ABF38B /* AppFonts.swift in Sources */,
				DA3C58952C9F06CA00ABF38B /* SplashScreen.swift in Sources */,
				DAD11D5E2C93825700D33B51 /* CardContextMenu.swift in Sources */,
				DA3C58912C9F04C200ABF38B /* TextView.swift in Sources */,
				32D488A42C8B709E00546138 /* Setting.swift in Sources */,
				DAD11D842C94547400D33B51 /* FrameModal.swift in Sources */,
				32D488962C8AAE2A00546138 /* ToolbarSelection.swift in Sources */,
				32D488982C8AAE7200546138 /* BottomToolbar.swift in Sources */,
				321C67902C8F65E900F30933 /* CardElementView.swift in Sources */,
				32D4889E2C8B013300546138 /* Transform.swift in Sources */,
				325966152C8C4CF50031CA69 /* CardStore.swift in Sources */,
				DAC6AD542CA118C40022BCAD /* ListSelection.swift in Sources */,
				32D488822C8AA5CF00546138 /* CardsApp.swift in Sources */,
				32CED3162C8C1DA900D74F92 /* ColorExtensions.swift in Sources */,
				DAD11D5A2C936B0F00D33B51 /* CustomTransfer.swift in Sources */,
			);
			runOnlyForDeploymentPostprocessing = 0;
		};
/* End PBXSourcesBuildPhase section */

/* Begin XCBuildConfiguration section */
		32D4888A2C8AA5D100546138 /* Debug */ = {
			isa = XCBuildConfiguration;
			buildSettings = {
				ALWAYS_SEARCH_USER_PATHS = NO;
				ASSETCATALOG_COMPILER_GENERATE_SWIFT_ASSET_SYMBOL_EXTENSIONS = YES;
				CLANG_ANALYZER_NONNULL = YES;
				CLANG_ANALYZER_NUMBER_OBJECT_CONVERSION = YES_AGGRESSIVE;
				CLANG_CXX_LANGUAGE_STANDARD = "gnu++20";
				CLANG_ENABLE_MODULES = YES;
				CLANG_ENABLE_OBJC_ARC = YES;
				CLANG_ENABLE_OBJC_WEAK = YES;
				CLANG_WARN_BLOCK_CAPTURE_AUTORELEASING = YES;
				CLANG_WARN_BOOL_CONVERSION = YES;
				CLANG_WARN_COMMA = YES;
				CLANG_WARN_CONSTANT_CONVERSION = YES;
				CLANG_WARN_DEPRECATED_OBJC_IMPLEMENTATIONS = YES;
				CLANG_WARN_DIRECT_OBJC_ISA_USAGE = YES_ERROR;
				CLANG_WARN_DOCUMENTATION_COMMENTS = YES;
				CLANG_WARN_EMPTY_BODY = YES;
				CLANG_WARN_ENUM_CONVERSION = YES;
				CLANG_WARN_INFINITE_RECURSION = YES;
				CLANG_WARN_INT_CONVERSION = YES;
				CLANG_WARN_NON_LITERAL_NULL_CONVERSION = YES;
				CLANG_WARN_OBJC_IMPLICIT_RETAIN_SELF = YES;
				CLANG_WARN_OBJC_LITERAL_CONVERSION = YES;
				CLANG_WARN_OBJC_ROOT_CLASS = YES_ERROR;
				CLANG_WARN_QUOTED_INCLUDE_IN_FRAMEWORK_HEADER = YES;
				CLANG_WARN_RANGE_LOOP_ANALYSIS = YES;
				CLANG_WARN_STRICT_PROTOTYPES = YES;
				CLANG_WARN_SUSPICIOUS_MOVE = YES;
				CLANG_WARN_UNGUARDED_AVAILABILITY = YES_AGGRESSIVE;
				CLANG_WARN_UNREACHABLE_CODE = YES;
				CLANG_WARN__DUPLICATE_METHOD_MATCH = YES;
				COPY_PHASE_STRIP = NO;
				DEBUG_INFORMATION_FORMAT = dwarf;
				ENABLE_STRICT_OBJC_MSGSEND = YES;
				ENABLE_TESTABILITY = YES;
				ENABLE_USER_SCRIPT_SANDBOXING = YES;
				GCC_C_LANGUAGE_STANDARD = gnu17;
				GCC_DYNAMIC_NO_PIC = NO;
				GCC_NO_COMMON_BLOCKS = YES;
				GCC_OPTIMIZATION_LEVEL = 0;
				GCC_PREPROCESSOR_DEFINITIONS = (
					"DEBUG=1",
					"$(inherited)",
				);
				GCC_WARN_64_TO_32_BIT_CONVERSION = YES;
				GCC_WARN_ABOUT_RETURN_TYPE = YES_ERROR;
				GCC_WARN_UNDECLARED_SELECTOR = YES;
				GCC_WARN_UNINITIALIZED_AUTOS = YES_AGGRESSIVE;
				GCC_WARN_UNUSED_FUNCTION = YES;
				GCC_WARN_UNUSED_VARIABLE = YES;
				IPHONEOS_DEPLOYMENT_TARGET = 17.5;
				LOCALIZATION_PREFERS_STRING_CATALOGS = YES;
				MTL_ENABLE_DEBUG_INFO = INCLUDE_SOURCE;
				MTL_FAST_MATH = YES;
				ONLY_ACTIVE_ARCH = YES;
				SDKROOT = iphoneos;
				SWIFT_ACTIVE_COMPILATION_CONDITIONS = "DEBUG $(inherited)";
				SWIFT_OPTIMIZATION_LEVEL = "-Onone";
			};
			name = Debug;
		};
		32D4888B2C8AA5D100546138 /* Release */ = {
			isa = XCBuildConfiguration;
			buildSettings = {
				ALWAYS_SEARCH_USER_PATHS = NO;
				ASSETCATALOG_COMPILER_GENERATE_SWIFT_ASSET_SYMBOL_EXTENSIONS = YES;
				CLANG_ANALYZER_NONNULL = YES;
				CLANG_ANALYZER_NUMBER_OBJECT_CONVERSION = YES_AGGRESSIVE;
				CLANG_CXX_LANGUAGE_STANDARD = "gnu++20";
				CLANG_ENABLE_MODULES = YES;
				CLANG_ENABLE_OBJC_ARC = YES;
				CLANG_ENABLE_OBJC_WEAK = YES;
				CLANG_WARN_BLOCK_CAPTURE_AUTORELEASING = YES;
				CLANG_WARN_BOOL_CONVERSION = YES;
				CLANG_WARN_COMMA = YES;
				CLANG_WARN_CONSTANT_CONVERSION = YES;
				CLANG_WARN_DEPRECATED_OBJC_IMPLEMENTATIONS = YES;
				CLANG_WARN_DIRECT_OBJC_ISA_USAGE = YES_ERROR;
				CLANG_WARN_DOCUMENTATION_COMMENTS = YES;
				CLANG_WARN_EMPTY_BODY = YES;
				CLANG_WARN_ENUM_CONVERSION = YES;
				CLANG_WARN_INFINITE_RECURSION = YES;
				CLANG_WARN_INT_CONVERSION = YES;
				CLANG_WARN_NON_LITERAL_NULL_CONVERSION = YES;
				CLANG_WARN_OBJC_IMPLICIT_RETAIN_SELF = YES;
				CLANG_WARN_OBJC_LITERAL_CONVERSION = YES;
				CLANG_WARN_OBJC_ROOT_CLASS = YES_ERROR;
				CLANG_WARN_QUOTED_INCLUDE_IN_FRAMEWORK_HEADER = YES;
				CLANG_WARN_RANGE_LOOP_ANALYSIS = YES;
				CLANG_WARN_STRICT_PROTOTYPES = YES;
				CLANG_WARN_SUSPICIOUS_MOVE = YES;
				CLANG_WARN_UNGUARDED_AVAILABILITY = YES_AGGRESSIVE;
				CLANG_WARN_UNREACHABLE_CODE = YES;
				CLANG_WARN__DUPLICATE_METHOD_MATCH = YES;
				COPY_PHASE_STRIP = NO;
				DEBUG_INFORMATION_FORMAT = "dwarf-with-dsym";
				ENABLE_NS_ASSERTIONS = NO;
				ENABLE_STRICT_OBJC_MSGSEND = YES;
				ENABLE_USER_SCRIPT_SANDBOXING = YES;
				GCC_C_LANGUAGE_STANDARD = gnu17;
				GCC_NO_COMMON_BLOCKS = YES;
				GCC_WARN_64_TO_32_BIT_CONVERSION = YES;
				GCC_WARN_ABOUT_RETURN_TYPE = YES_ERROR;
				GCC_WARN_UNDECLARED_SELECTOR = YES;
				GCC_WARN_UNINITIALIZED_AUTOS = YES_AGGRESSIVE;
				GCC_WARN_UNUSED_FUNCTION = YES;
				GCC_WARN_UNUSED_VARIABLE = YES;
				IPHONEOS_DEPLOYMENT_TARGET = 17.5;
				LOCALIZATION_PREFERS_STRING_CATALOGS = YES;
				MTL_ENABLE_DEBUG_INFO = NO;
				MTL_FAST_MATH = YES;
				SDKROOT = iphoneos;
				SWIFT_COMPILATION_MODE = wholemodule;
				VALIDATE_PRODUCT = YES;
			};
			name = Release;
		};
		32D4888D2C8AA5D100546138 /* Debug */ = {
			isa = XCBuildConfiguration;
			buildSettings = {
				ASSETCATALOG_COMPILER_APPICON_NAME = AppIcon;
				ASSETCATALOG_COMPILER_GLOBAL_ACCENT_COLOR_NAME = AccentColor;
				CODE_SIGN_STYLE = Automatic;
				CURRENT_PROJECT_VERSION = 1;
				DEVELOPMENT_ASSET_PATHS = "\"Cards/Preview Content\"";
				DEVELOPMENT_TEAM = F638V29VVL;
				ENABLE_PREVIEWS = YES;
				GENERATE_INFOPLIST_FILE = YES;
				INFOPLIST_FILE = Cards/Info.plist;
				INFOPLIST_KEY_NSPhotoLibraryAddUsageDescription = "Cards will save your card to the Photo Library";
				INFOPLIST_KEY_UIApplicationSceneManifest_Generation = YES;
				INFOPLIST_KEY_UIApplicationSupportsIndirectInputEvents = YES;
				INFOPLIST_KEY_UISupportedInterfaceOrientations_iPad = "UIInterfaceOrientationPortrait UIInterfaceOrientationPortraitUpsideDown UIInterfaceOrientationLandscapeLeft UIInterfaceOrientationLandscapeRight";
				INFOPLIST_KEY_UISupportedInterfaceOrientations_iPhone = "UIInterfaceOrientationPortrait UIInterfaceOrientationLandscapeLeft UIInterfaceOrientationLandscapeRight";
				LD_RUNPATH_SEARCH_PATHS = (
					"$(inherited)",
					"@executable_path/Frameworks",
				);
				MARKETING_VERSION = 1.0;
				PRODUCT_BUNDLE_IDENTIFIER = com.mactyagi.Cards;
				PRODUCT_NAME = "$(TARGET_NAME)";
				SWIFT_EMIT_LOC_STRINGS = YES;
				SWIFT_VERSION = 5.0;
				TARGETED_DEVICE_FAMILY = "1,2";
			};
			name = Debug;
		};
		32D4888E2C8AA5D100546138 /* Release */ = {
			isa = XCBuildConfiguration;
			buildSettings = {
				ASSETCATALOG_COMPILER_APPICON_NAME = AppIcon;
				ASSETCATALOG_COMPILER_GLOBAL_ACCENT_COLOR_NAME = AccentColor;
				CODE_SIGN_STYLE = Automatic;
				CURRENT_PROJECT_VERSION = 1;
				DEVELOPMENT_ASSET_PATHS = "\"Cards/Preview Content\"";
				DEVELOPMENT_TEAM = F638V29VVL;
				ENABLE_PREVIEWS = YES;
				GENERATE_INFOPLIST_FILE = YES;
				INFOPLIST_FILE = Cards/Info.plist;
				INFOPLIST_KEY_NSPhotoLibraryAddUsageDescription = "Cards will save your card to the Photo Library";
				INFOPLIST_KEY_UIApplicationSceneManifest_Generation = YES;
				INFOPLIST_KEY_UIApplicationSupportsIndirectInputEvents = YES;
				INFOPLIST_KEY_UISupportedInterfaceOrientations_iPad = "UIInterfaceOrientationPortrait UIInterfaceOrientationPortraitUpsideDown UIInterfaceOrientationLandscapeLeft UIInterfaceOrientationLandscapeRight";
				INFOPLIST_KEY_UISupportedInterfaceOrientations_iPhone = "UIInterfaceOrientationPortrait UIInterfaceOrientationLandscapeLeft UIInterfaceOrientationLandscapeRight";
				LD_RUNPATH_SEARCH_PATHS = (
					"$(inherited)",
					"@executable_path/Frameworks",
				);
				MARKETING_VERSION = 1.0;
				PRODUCT_BUNDLE_IDENTIFIER = com.mactyagi.Cards;
				PRODUCT_NAME = "$(TARGET_NAME)";
				SWIFT_EMIT_LOC_STRINGS = YES;
				SWIFT_VERSION = 5.0;
				TARGETED_DEVICE_FAMILY = "1,2";
			};
			name = Release;
		};
/* End XCBuildConfiguration section */

/* Begin XCConfigurationList section */
		32D488792C8AA5CF00546138 /* Build configuration list for PBXProject "Cards" */ = {
			isa = XCConfigurationList;
			buildConfigurations = (
				32D4888A2C8AA5D100546138 /* Debug */,
				32D4888B2C8AA5D100546138 /* Release */,
			);
			defaultConfigurationIsVisible = 0;
			defaultConfigurationName = Release;
		};
		32D4888C2C8AA5D100546138 /* Build configuration list for PBXNativeTarget "Cards" */ = {
			isa = XCConfigurationList;
			buildConfigurations = (
				32D4888D2C8AA5D100546138 /* Debug */,
				32D4888E2C8AA5D100546138 /* Release */,
			);
			defaultConfigurationIsVisible = 0;
			defaultConfigurationName = Release;
		};
/* End XCConfigurationList section */
	};
	rootObject = 32D488762C8AA5CF00546138 /* Project object */;
}
